
Microsoft Visual Studio Solution File, Format Version 12.00
# Visual Studio Version 16
VisualStudioVersion = 16.0.31129.286
MinimumVisualStudioVersion = 10.0.40219.1
Project("{FAE04EC0-301F-11D3-BF4B-00C04F79EFBC}") = "primodvdprices", "primodvdprices\primodvdprices.csproj", "{4E16C492-5133-4697-A849-A39C6B7EAFA0}"
EndProject
Project("{54435603-DBB4-11D2-8724-00A0C9A8B90C}") = "Converter(By vbalpic)", "Converter(By vbalpic)\Converter(By vbalpic).vdproj", "{9C5BCC17-3E5D-4EA3-A663-2DD265CAA847}"
EndProject
Global
	GlobalSection(SolutionConfigurationPlatforms) = preSolution
		Debug|Any CPU = Debug|Any CPU
		Release|Any CPU = Release|Any CPU
	EndGlobalSection
	GlobalSection(ProjectConfigurationPlatforms) = postSolution
		{4E16C492-5133-4697-A849-A39C6B7EAFA0}.Debug|Any CPU.ActiveCfg = Debug|Any CPU
		{4E16C492-5133-4697-A849-A39C6B7EAFA0}.Debug|Any CPU.Build.0 = Debug|Any CPU
		{4E16C492-5133-4697-A849-A39C6B7EAFA0}.Release|Any CPU.ActiveCfg = Release|Any CPU
		{4E16C492-5133-4697-A849-A39C6B7EAFA0}.Release|Any CPU.Build.0 = Release|Any CPU
		{9C5BCC17-3E5D-4EA3-A663-2DD265CAA847}.Debug|Any CPU.ActiveCfg = Debug
		{9C5BCC17-3E5D-4EA3-A663-2DD265CAA847}.Release|Any CPU.ActiveCfg = Release
	EndGlobalSection
	GlobalSection(SolutionProperties) = preSolution
		HideSolutionNode = FALSE
	EndGlobalSection
	GlobalSection(ExtensibilityGlobals) = postSolution
		SolutionGuid = {8B5E5196-216D-43E4-A5C9-997CAAE86B22}
	EndGlobalSection
EndGlobal
